// !$*UTF8*$!
{
	archiveVersion = 1;
	classes = {
	};
	objectVersion = 46;
	objects = {

/* Begin PBXBuildFile section */
		278D03FE18FDA4EF00444023 /* Foundation.framework in Frameworks */ = {isa = PBXBuildFile; fileRef = 278D03FD18FDA4EF00444023 /* Foundation.framework */; };
		278D040018FDA4EF00444023 /* CoreGraphics.framework in Frameworks */ = {isa = PBXBuildFile; fileRef = 278D03FF18FDA4EF00444023 /* CoreGraphics.framework */; };
		278D040218FDA4EF00444023 /* UIKit.framework in Frameworks */ = {isa = PBXBuildFile; fileRef = 278D040118FDA4EF00444023 /* UIKit.framework */; };
		278D040818FDA4EF00444023 /* InfoPlist.strings in Resources */ = {isa = PBXBuildFile; fileRef = 278D040618FDA4EF00444023 /* InfoPlist.strings */; };
		278D040A18FDA4EF00444023 /* main.m in Sources */ = {isa = PBXBuildFile; fileRef = 278D040918FDA4EF00444023 /* main.m */; };
		278D040E18FDA4EF00444023 /* AppDelegate.m in Sources */ = {isa = PBXBuildFile; fileRef = 278D040D18FDA4EF00444023 /* AppDelegate.m */; };
		278D041118FDA4EF00444023 /* Main_iPhone.storyboard in Resources */ = {isa = PBXBuildFile; fileRef = 278D040F18FDA4EF00444023 /* Main_iPhone.storyboard */; };
		278D041418FDA4EF00444023 /* Main_iPad.storyboard in Resources */ = {isa = PBXBuildFile; fileRef = 278D041218FDA4EF00444023 /* Main_iPad.storyboard */; };
		278D041718FDA4EF00444023 /* ViewController.m in Sources */ = {isa = PBXBuildFile; fileRef = 278D041618FDA4EF00444023 /* ViewController.m */; };
		278D041918FDA4EF00444023 /* Images.xcassets in Resources */ = {isa = PBXBuildFile; fileRef = 278D041818FDA4EF00444023 /* Images.xcassets */; };
		278D042018FDA4EF00444023 /* XCTest.framework in Frameworks */ = {isa = PBXBuildFile; fileRef = 278D041F18FDA4EF00444023 /* XCTest.framework */; };
		278D042118FDA4EF00444023 /* Foundation.framework in Frameworks */ = {isa = PBXBuildFile; fileRef = 278D03FD18FDA4EF00444023 /* Foundation.framework */; };
		278D042218FDA4EF00444023 /* UIKit.framework in Frameworks */ = {isa = PBXBuildFile; fileRef = 278D040118FDA4EF00444023 /* UIKit.framework */; };
		278D042A18FDA4EF00444023 /* InfoPlist.strings in Resources */ = {isa = PBXBuildFile; fileRef = 278D042818FDA4EF00444023 /* InfoPlist.strings */; };
		278D042C18FDA4EF00444023 /* Dota_TrackerTests.m in Sources */ = {isa = PBXBuildFile; fileRef = 278D042B18FDA4EF00444023 /* Dota_TrackerTests.m */; };
		278D428519036792001BDA92 /* Alliance.png in Resources */ = {isa = PBXBuildFile; fileRef = 278D426419036792001BDA92 /* Alliance.png */; };
		278D428619036792001BDA92 /* C9.png in Resources */ = {isa = PBXBuildFile; fileRef = 278D426519036792001BDA92 /* C9.png */; };
		278D428719036792001BDA92 /* CIS.png in Resources */ = {isa = PBXBuildFile; fileRef = 278D426619036792001BDA92 /* CIS.png */; };
		278D428819036792001BDA92 /* CNB.png in Resources */ = {isa = PBXBuildFile; fileRef = 278D426719036792001BDA92 /* CNB.png */; };
		278D428919036792001BDA92 /* DK.png in Resources */ = {isa = PBXBuildFile; fileRef = 278D426819036792001BDA92 /* DK.png */; };
		278D428A19036792001BDA92 /* DT.png in Resources */ = {isa = PBXBuildFile; fileRef = 278D426919036792001BDA92 /* DT.png */; };
		278D428B19036792001BDA92 /* EG.png in Resources */ = {isa = PBXBuildFile; fileRef = 278D426A19036792001BDA92 /* EG.png */; };
		278D428C19036792001BDA92 /* Ehug.png in Resources */ = {isa = PBXBuildFile; fileRef = 278D426B19036792001BDA92 /* Ehug.png */; };
		278D428D19036792001BDA92 /* Empire.png in Resources */ = {isa = PBXBuildFile; fileRef = 278D426C19036792001BDA92 /* Empire.png */; };
		278D428E19036792001BDA92 /* EOT.png in Resources */ = {isa = PBXBuildFile; fileRef = 278D426D19036792001BDA92 /* EOT.png */; };
		278D428F19036792001BDA92 /* Fnatic.png in Resources */ = {isa = PBXBuildFile; fileRef = 278D426E19036792001BDA92 /* Fnatic.png */; };
		278D429019036792001BDA92 /* HGT.png in Resources */ = {isa = PBXBuildFile; fileRef = 278D426F19036792001BDA92 /* HGT.png */; };
		278D429119036792001BDA92 /* IG.png in Resources */ = {isa = PBXBuildFile; fileRef = 278D427019036792001BDA92 /* IG.png */; };
		278D429219036792001BDA92 /* LGD.png in Resources */ = {isa = PBXBuildFile; fileRef = 278D427119036792001BDA92 /* LGD.png */; };
		278D429319036792001BDA92 /* Liquid.png in Resources */ = {isa = PBXBuildFile; fileRef = 278D427219036792001BDA92 /* Liquid.png */; };
		278D429419036792001BDA92 /* Mineski.png in Resources */ = {isa = PBXBuildFile; fileRef = 278D427319036792001BDA92 /* Mineski.png */; };
		278D429519036792001BDA92 /* Mith.png in Resources */ = {isa = PBXBuildFile; fileRef = 278D427419036792001BDA92 /* Mith.png */; };
		278D429619036792001BDA92 /* MVP.png in Resources */ = {isa = PBXBuildFile; fileRef = 278D427519036792001BDA92 /* MVP.png */; };
		278D429719036792001BDA92 /* MYM.png in Resources */ = {isa = PBXBuildFile; fileRef = 278D427619036792001BDA92 /* MYM.png */; };
		278D429819036792001BDA92 /* NaVi.png in Resources */ = {isa = PBXBuildFile; fileRef = 278D427719036792001BDA92 /* NaVi.png */; };
		278D429919036792001BDA92 /* Neolution.png in Resources */ = {isa = PBXBuildFile; fileRef = 278D427819036792001BDA92 /* Neolution.png */; };
		278D429A19036792001BDA92 /* Newbee.png in Resources */ = {isa = PBXBuildFile; fileRef = 278D427919036792001BDA92 /* Newbee.png */; };
		278D429B19036792001BDA92 /* NEXTkz.png in Resources */ = {isa = PBXBuildFile; fileRef = 278D427A19036792001BDA92 /* NEXTkz.png */; };
		278D429C19036792001BDA92 /* Orange.png in Resources */ = {isa = PBXBuildFile; fileRef = 278D427B19036792001BDA92 /* Orange.png */; };
		278D429D19036792001BDA92 /* PR.png in Resources */ = {isa = PBXBuildFile; fileRef = 278D427C19036792001BDA92 /* PR.png */; };
		278D429E19036792001BDA92 /* Revenge.png in Resources */ = {isa = PBXBuildFile; fileRef = 278D427D19036792001BDA92 /* Revenge.png */; };
		278D429F19036792001BDA92 /* Rox.png in Resources */ = {isa = PBXBuildFile; fileRef = 278D427E19036792001BDA92 /* Rox.png */; };
		278D42A019036792001BDA92 /* Sigma.png in Resources */ = {isa = PBXBuildFile; fileRef = 278D427F19036792001BDA92 /* Sigma.png */; };
		278D42A119036792001BDA92 /* Titan.png in Resources */ = {isa = PBXBuildFile; fileRef = 278D428019036792001BDA92 /* Titan.png */; };
		278D42A219036792001BDA92 /* TongFu.png in Resources */ = {isa = PBXBuildFile; fileRef = 278D428119036792001BDA92 /* TongFu.png */; };
		278D42A319036792001BDA92 /* VG.png in Resources */ = {isa = PBXBuildFile; fileRef = 278D428219036792001BDA92 /* VG.png */; };
		278D42A419036792001BDA92 /* VP.png in Resources */ = {isa = PBXBuildFile; fileRef = 278D428319036792001BDA92 /* VP.png */; };
		278D42A519036792001BDA92 /* Zephyr.png in Resources */ = {isa = PBXBuildFile; fileRef = 278D428419036792001BDA92 /* Zephyr.png */; };
		278D42A819036CD1001BDA92 /* regionCell.m in Sources */ = {isa = PBXBuildFile; fileRef = 278D42A719036CD1001BDA92 /* regionCell.m */; };
		278D42AC1904E1A4001BDA92 /* Arrow.png in Resources */ = {isa = PBXBuildFile; fileRef = 278D42A91904E1A4001BDA92 /* Arrow.png */; };
		278D42AD1904E1A4001BDA92 /* FD.png in Resources */ = {isa = PBXBuildFile; fileRef = 278D42AA1904E1A4001BDA92 /* FD.png */; };
		278D42AE1904E1A4001BDA92 /* Scythe.png in Resources */ = {isa = PBXBuildFile; fileRef = 278D42AB1904E1A4001BDA92 /* Scythe.png */; };
		278D42B11904E4D3001BDA92 /* Relax.png in Resources */ = {isa = PBXBuildFile; fileRef = 278D42AF1904E4D3001BDA92 /* Relax.png */; };
		278D42B21904E4D3001BDA92 /* TeamDog.png in Resources */ = {isa = PBXBuildFile; fileRef = 278D42B01904E4D3001BDA92 /* TeamDog.png */; };
		278D42C01908C4A7001BDA92 /* Alliancegray.png in Resources */ = {isa = PBXBuildFile; fileRef = 278D42B31908C4A7001BDA92 /* Alliancegray.png */; };
		278D42C11908C4A7001BDA92 /* Arrowgray.png in Resources */ = {isa = PBXBuildFile; fileRef = 278D42B41908C4A7001BDA92 /* Arrowgray.png */; };
		278D42C21908C4A7001BDA92 /* C9gray.png in Resources */ = {isa = PBXBuildFile; fileRef = 278D42B51908C4A7001BDA92 /* C9gray.png */; };
		278D42C31908C4A7001BDA92 /* CISgray.png in Resources */ = {isa = PBXBuildFile; fileRef = 278D42B61908C4A7001BDA92 /* CISgray.png */; };
		278D42C41908C4A7001BDA92 /* CNBgray.png in Resources */ = {isa = PBXBuildFile; fileRef = 278D42B71908C4A7001BDA92 /* CNBgray.png */; };
		278D42C51908C4A7001BDA92 /* DKgray.png in Resources */ = {isa = PBXBuildFile; fileRef = 278D42B81908C4A7001BDA92 /* DKgray.png */; };
		278D42C61908C4A7001BDA92 /* DTgray.png in Resources */ = {isa = PBXBuildFile; fileRef = 278D42B91908C4A7001BDA92 /* DTgray.png */; };
		278D42C71908C4A7001BDA92 /* EGgray.png in Resources */ = {isa = PBXBuildFile; fileRef = 278D42BA1908C4A7001BDA92 /* EGgray.png */; };
		278D42C81908C4A7001BDA92 /* Ehuggray.png in Resources */ = {isa = PBXBuildFile; fileRef = 278D42BB1908C4A7001BDA92 /* Ehuggray.png */; };
		278D42C91908C4A7001BDA92 /* Empiregray.png in Resources */ = {isa = PBXBuildFile; fileRef = 278D42BC1908C4A7001BDA92 /* Empiregray.png */; };
		278D42CA1908C4A7001BDA92 /* EOTgray.png in Resources */ = {isa = PBXBuildFile; fileRef = 278D42BD1908C4A7001BDA92 /* EOTgray.png */; };
		278D42CB1908C4A7001BDA92 /* FDgray.png in Resources */ = {isa = PBXBuildFile; fileRef = 278D42BE1908C4A7001BDA92 /* FDgray.png */; };
		278D42CC1908C4A7001BDA92 /* Fnaticgray.png in Resources */ = {isa = PBXBuildFile; fileRef = 278D42BF1908C4A7001BDA92 /* Fnaticgray.png */; };
		278D42E6190BA9C7001BDA92 /* HGTgray.png in Resources */ = {isa = PBXBuildFile; fileRef = 278D42CD190BA9C7001BDA92 /* HGTgray.png */; };
		278D42E7190BA9C7001BDA92 /* IGgray.png in Resources */ = {isa = PBXBuildFile; fileRef = 278D42CE190BA9C7001BDA92 /* IGgray.png */; };
		278D42E8190BA9C7001BDA92 /* LGDgray.png in Resources */ = {isa = PBXBuildFile; fileRef = 278D42CF190BA9C7001BDA92 /* LGDgray.png */; };
		278D42E9190BA9C7001BDA92 /* Liquidgray.png in Resources */ = {isa = PBXBuildFile; fileRef = 278D42D0190BA9C7001BDA92 /* Liquidgray.png */; };
		278D42EA190BA9C7001BDA92 /* Mineskigray.png in Resources */ = {isa = PBXBuildFile; fileRef = 278D42D1190BA9C7001BDA92 /* Mineskigray.png */; };
		278D42EB190BA9C7001BDA92 /* Mithgray.png in Resources */ = {isa = PBXBuildFile; fileRef = 278D42D2190BA9C7001BDA92 /* Mithgray.png */; };
		278D42EC190BA9C7001BDA92 /* MVPgray.png in Resources */ = {isa = PBXBuildFile; fileRef = 278D42D3190BA9C7001BDA92 /* MVPgray.png */; };
		278D42ED190BA9C7001BDA92 /* MYMgray.png in Resources */ = {isa = PBXBuildFile; fileRef = 278D42D4190BA9C7001BDA92 /* MYMgray.png */; };
		278D42EE190BA9C7001BDA92 /* NaVigray.png in Resources */ = {isa = PBXBuildFile; fileRef = 278D42D5190BA9C7001BDA92 /* NaVigray.png */; };
		278D42EF190BA9C7001BDA92 /* Neolutiongray.png in Resources */ = {isa = PBXBuildFile; fileRef = 278D42D6190BA9C7001BDA92 /* Neolutiongray.png */; };
		278D42F0190BA9C7001BDA92 /* Newbeegray.png in Resources */ = {isa = PBXBuildFile; fileRef = 278D42D7190BA9C7001BDA92 /* Newbeegray.png */; };
		278D42F1190BA9C7001BDA92 /* NEXTkzgray.png in Resources */ = {isa = PBXBuildFile; fileRef = 278D42D8190BA9C7001BDA92 /* NEXTkzgray.png */; };
		278D42F2190BA9C7001BDA92 /* Orangegray.png in Resources */ = {isa = PBXBuildFile; fileRef = 278D42D9190BA9C7001BDA92 /* Orangegray.png */; };
		278D42F3190BA9C7001BDA92 /* PRgray.png in Resources */ = {isa = PBXBuildFile; fileRef = 278D42DA190BA9C7001BDA92 /* PRgray.png */; };
		278D42F4190BA9C7001BDA92 /* Relaxgray.png in Resources */ = {isa = PBXBuildFile; fileRef = 278D42DB190BA9C7001BDA92 /* Relaxgray.png */; };
		278D42F5190BA9C7001BDA92 /* Revengegray.png in Resources */ = {isa = PBXBuildFile; fileRef = 278D42DC190BA9C7001BDA92 /* Revengegray.png */; };
		278D42F6190BA9C7001BDA92 /* Roxgray.png in Resources */ = {isa = PBXBuildFile; fileRef = 278D42DD190BA9C7001BDA92 /* Roxgray.png */; };
		278D42F7190BA9C7001BDA92 /* Scythegray.png in Resources */ = {isa = PBXBuildFile; fileRef = 278D42DE190BA9C7001BDA92 /* Scythegray.png */; };
		278D42F8190BA9C7001BDA92 /* Sigmagray.png in Resources */ = {isa = PBXBuildFile; fileRef = 278D42DF190BA9C7001BDA92 /* Sigmagray.png */; };
		278D42F9190BA9C7001BDA92 /* TeamDoggray.png in Resources */ = {isa = PBXBuildFile; fileRef = 278D42E0190BA9C7001BDA92 /* TeamDoggray.png */; };
		278D42FA190BA9C7001BDA92 /* Titangray.png in Resources */ = {isa = PBXBuildFile; fileRef = 278D42E1190BA9C7001BDA92 /* Titangray.png */; };
		278D42FB190BA9C7001BDA92 /* TongFugray.png in Resources */ = {isa = PBXBuildFile; fileRef = 278D42E2190BA9C7001BDA92 /* TongFugray.png */; };
		278D42FC190BA9C7001BDA92 /* VGgray.png in Resources */ = {isa = PBXBuildFile; fileRef = 278D42E3190BA9C7001BDA92 /* VGgray.png */; };
		278D42FD190BA9C7001BDA92 /* VPgray.png in Resources */ = {isa = PBXBuildFile; fileRef = 278D42E4190BA9C7001BDA92 /* VPgray.png */; };
		278D42FE190BA9C7001BDA92 /* Zephyrgray.png in Resources */ = {isa = PBXBuildFile; fileRef = 278D42E5190BA9C7001BDA92 /* Zephyrgray.png */; };
		278D4303190CCC9C001BDA92 /* CoreData.framework in Frameworks */ = {isa = PBXBuildFile; fileRef = 278D4302190CCC9C001BDA92 /* CoreData.framework */; };
		278D442A190E25AA001BDA92 /* Model.xcdatamodeld in Sources */ = {isa = PBXBuildFile; fileRef = 278D4428190E25AA001BDA92 /* Model.xcdatamodeld */; };
		278D446D19103015001BDA92 /* libsqlite3.dylib in Frameworks */ = {isa = PBXBuildFile; fileRef = 278D446C19103015001BDA92 /* libsqlite3.dylib */; };
		278D44701911EE74001BDA92 /* teamObject.m in Sources */ = {isa = PBXBuildFile; fileRef = 278D446F1911EE74001BDA92 /* teamObject.m */; };
		27A15010191442A10063E1CA /* teamObjects.sqlite in Resources */ = {isa = PBXBuildFile; fileRef = 27A1500F191442A10063E1CA /* teamObjects.sqlite */; };
		27A150131914B43C0063E1CA /* ScheduleViewController.m in Sources */ = {isa = PBXBuildFile; fileRef = 27A150121914B43C0063E1CA /* ScheduleViewController.m */; };
		27A150161914EA6D0063E1CA /* teamCell.m in Sources */ = {isa = PBXBuildFile; fileRef = 27A150151914EA6D0063E1CA /* teamCell.m */; };
/* End PBXBuildFile section */

/* Begin PBXContainerItemProxy section */
		278D042318FDA4EF00444023 /* PBXContainerItemProxy */ = {
			isa = PBXContainerItemProxy;
			containerPortal = 278D03F218FDA4EF00444023 /* Project object */;
			proxyType = 1;
			remoteGlobalIDString = 278D03F918FDA4EF00444023;
			remoteInfo = "Dota Tracker";
		};
/* End PBXContainerItemProxy section */

/* Begin PBXFileReference section */
		278D03FA18FDA4EF00444023 /* Dota Tracker.app */ = {isa = PBXFileReference; explicitFileType = wrapper.application; includeInIndex = 0; path = "Dota Tracker.app"; sourceTree = BUILT_PRODUCTS_DIR; };
		278D03FD18FDA4EF00444023 /* Foundation.framework */ = {isa = PBXFileReference; lastKnownFileType = wrapper.framework; name = Foundation.framework; path = System/Library/Frameworks/Foundation.framework; sourceTree = SDKROOT; };
		278D03FF18FDA4EF00444023 /* CoreGraphics.framework */ = {isa = PBXFileReference; lastKnownFileType = wrapper.framework; name = CoreGraphics.framework; path = System/Library/Frameworks/CoreGraphics.framework; sourceTree = SDKROOT; };
		278D040118FDA4EF00444023 /* UIKit.framework */ = {isa = PBXFileReference; lastKnownFileType = wrapper.framework; name = UIKit.framework; path = System/Library/Frameworks/UIKit.framework; sourceTree = SDKROOT; };
		278D040518FDA4EF00444023 /* Dota Tracker-Info.plist */ = {isa = PBXFileReference; lastKnownFileType = text.plist.xml; path = "Dota Tracker-Info.plist"; sourceTree = "<group>"; };
		278D040718FDA4EF00444023 /* en */ = {isa = PBXFileReference; lastKnownFileType = text.plist.strings; name = en; path = en.lproj/InfoPlist.strings; sourceTree = "<group>"; };
		278D040918FDA4EF00444023 /* main.m */ = {isa = PBXFileReference; lastKnownFileType = sourcecode.c.objc; path = main.m; sourceTree = "<group>"; };
		278D040B18FDA4EF00444023 /* Dota Tracker-Prefix.pch */ = {isa = PBXFileReference; lastKnownFileType = sourcecode.c.h; path = "Dota Tracker-Prefix.pch"; sourceTree = "<group>"; };
		278D040C18FDA4EF00444023 /* AppDelegate.h */ = {isa = PBXFileReference; lastKnownFileType = sourcecode.c.h; path = AppDelegate.h; sourceTree = "<group>"; };
		278D040D18FDA4EF00444023 /* AppDelegate.m */ = {isa = PBXFileReference; lastKnownFileType = sourcecode.c.objc; path = AppDelegate.m; sourceTree = "<group>"; };
		278D041018FDA4EF00444023 /* Base */ = {isa = PBXFileReference; lastKnownFileType = file.storyboard; name = Base; path = Base.lproj/Main_iPhone.storyboard; sourceTree = "<group>"; };
		278D041318FDA4EF00444023 /* Base */ = {isa = PBXFileReference; lastKnownFileType = file.storyboard; name = Base; path = Base.lproj/Main_iPad.storyboard; sourceTree = "<group>"; };
		278D041518FDA4EF00444023 /* ViewController.h */ = {isa = PBXFileReference; lastKnownFileType = sourcecode.c.h; path = ViewController.h; sourceTree = "<group>"; };
		278D041618FDA4EF00444023 /* ViewController.m */ = {isa = PBXFileReference; lastKnownFileType = sourcecode.c.objc; path = ViewController.m; sourceTree = "<group>"; };
		278D041818FDA4EF00444023 /* Images.xcassets */ = {isa = PBXFileReference; lastKnownFileType = folder.assetcatalog; path = Images.xcassets; sourceTree = "<group>"; };
		278D041E18FDA4EF00444023 /* Dota TrackerTests.xctest */ = {isa = PBXFileReference; explicitFileType = wrapper.cfbundle; includeInIndex = 0; path = "Dota TrackerTests.xctest"; sourceTree = BUILT_PRODUCTS_DIR; };
		278D041F18FDA4EF00444023 /* XCTest.framework */ = {isa = PBXFileReference; lastKnownFileType = wrapper.framework; name = XCTest.framework; path = Library/Frameworks/XCTest.framework; sourceTree = DEVELOPER_DIR; };
		278D042718FDA4EF00444023 /* Dota TrackerTests-Info.plist */ = {isa = PBXFileReference; lastKnownFileType = text.plist.xml; path = "Dota TrackerTests-Info.plist"; sourceTree = "<group>"; };
		278D042918FDA4EF00444023 /* en */ = {isa = PBXFileReference; lastKnownFileType = text.plist.strings; name = en; path = en.lproj/InfoPlist.strings; sourceTree = "<group>"; };
		278D042B18FDA4EF00444023 /* Dota_TrackerTests.m */ = {isa = PBXFileReference; lastKnownFileType = sourcecode.c.objc; path = Dota_TrackerTests.m; sourceTree = "<group>"; };
		278D426419036792001BDA92 /* Alliance.png */ = {isa = PBXFileReference; lastKnownFileType = image.png; name = Alliance.png; path = ../Alliance.png; sourceTree = "<group>"; };
		278D426519036792001BDA92 /* C9.png */ = {isa = PBXFileReference; lastKnownFileType = image.png; name = C9.png; path = ../C9.png; sourceTree = "<group>"; };
		278D426619036792001BDA92 /* CIS.png */ = {isa = PBXFileReference; lastKnownFileType = image.png; name = CIS.png; path = ../CIS.png; sourceTree = "<group>"; };
		278D426719036792001BDA92 /* CNB.png */ = {isa = PBXFileReference; lastKnownFileType = image.png; name = CNB.png; path = ../CNB.png; sourceTree = "<group>"; };
		278D426819036792001BDA92 /* DK.png */ = {isa = PBXFileReference; lastKnownFileType = image.png; name = DK.png; path = ../DK.png; sourceTree = "<group>"; };
		278D426919036792001BDA92 /* DT.png */ = {isa = PBXFileReference; lastKnownFileType = image.png; name = DT.png; path = ../DT.png; sourceTree = "<group>"; };
		278D426A19036792001BDA92 /* EG.png */ = {isa = PBXFileReference; lastKnownFileType = image.png; name = EG.png; path = ../EG.png; sourceTree = "<group>"; };
		278D426B19036792001BDA92 /* Ehug.png */ = {isa = PBXFileReference; lastKnownFileType = image.png; name = Ehug.png; path = ../Ehug.png; sourceTree = "<group>"; };
		278D426C19036792001BDA92 /* Empire.png */ = {isa = PBXFileReference; lastKnownFileType = image.png; name = Empire.png; path = ../Empire.png; sourceTree = "<group>"; };
		278D426D19036792001BDA92 /* EOT.png */ = {isa = PBXFileReference; lastKnownFileType = image.png; name = EOT.png; path = ../EOT.png; sourceTree = "<group>"; };
		278D426E19036792001BDA92 /* Fnatic.png */ = {isa = PBXFileReference; lastKnownFileType = image.png; name = Fnatic.png; path = ../Fnatic.png; sourceTree = "<group>"; };
		278D426F19036792001BDA92 /* HGT.png */ = {isa = PBXFileReference; lastKnownFileType = image.png; name = HGT.png; path = ../HGT.png; sourceTree = "<group>"; };
		278D427019036792001BDA92 /* IG.png */ = {isa = PBXFileReference; lastKnownFileType = image.png; name = IG.png; path = ../IG.png; sourceTree = "<group>"; };
		278D427119036792001BDA92 /* LGD.png */ = {isa = PBXFileReference; lastKnownFileType = image.png; name = LGD.png; path = ../LGD.png; sourceTree = "<group>"; };
		278D427219036792001BDA92 /* Liquid.png */ = {isa = PBXFileReference; lastKnownFileType = image.png; name = Liquid.png; path = ../Liquid.png; sourceTree = "<group>"; };
		278D427319036792001BDA92 /* Mineski.png */ = {isa = PBXFileReference; lastKnownFileType = image.png; name = Mineski.png; path = ../Mineski.png; sourceTree = "<group>"; };
		278D427419036792001BDA92 /* Mith.png */ = {isa = PBXFileReference; lastKnownFileType = image.png; name = Mith.png; path = ../Mith.png; sourceTree = "<group>"; };
		278D427519036792001BDA92 /* MVP.png */ = {isa = PBXFileReference; lastKnownFileType = image.png; name = MVP.png; path = ../MVP.png; sourceTree = "<group>"; };
		278D427619036792001BDA92 /* MYM.png */ = {isa = PBXFileReference; lastKnownFileType = image.png; name = MYM.png; path = ../MYM.png; sourceTree = "<group>"; };
		278D427719036792001BDA92 /* NaVi.png */ = {isa = PBXFileReference; lastKnownFileType = image.png; name = NaVi.png; path = ../NaVi.png; sourceTree = "<group>"; };
		278D427819036792001BDA92 /* Neolution.png */ = {isa = PBXFileReference; lastKnownFileType = image.png; name = Neolution.png; path = ../Neolution.png; sourceTree = "<group>"; };
		278D427919036792001BDA92 /* Newbee.png */ = {isa = PBXFileReference; lastKnownFileType = image.png; name = Newbee.png; path = ../Newbee.png; sourceTree = "<group>"; };
		278D427A19036792001BDA92 /* NEXTkz.png */ = {isa = PBXFileReference; lastKnownFileType = image.png; name = NEXTkz.png; path = ../NEXTkz.png; sourceTree = "<group>"; };
		278D427B19036792001BDA92 /* Orange.png */ = {isa = PBXFileReference; lastKnownFileType = image.png; name = Orange.png; path = ../Orange.png; sourceTree = "<group>"; };
		278D427C19036792001BDA92 /* PR.png */ = {isa = PBXFileReference; lastKnownFileType = image.png; name = PR.png; path = ../PR.png; sourceTree = "<group>"; };
		278D427D19036792001BDA92 /* Revenge.png */ = {isa = PBXFileReference; lastKnownFileType = image.png; name = Revenge.png; path = ../Revenge.png; sourceTree = "<group>"; };
		278D427E19036792001BDA92 /* Rox.png */ = {isa = PBXFileReference; lastKnownFileType = image.png; name = Rox.png; path = ../Rox.png; sourceTree = "<group>"; };
		278D427F19036792001BDA92 /* Sigma.png */ = {isa = PBXFileReference; lastKnownFileType = image.png; name = Sigma.png; path = ../Sigma.png; sourceTree = "<group>"; };
		278D428019036792001BDA92 /* Titan.png */ = {isa = PBXFileReference; lastKnownFileType = image.png; name = Titan.png; path = ../Titan.png; sourceTree = "<group>"; };
		278D428119036792001BDA92 /* TongFu.png */ = {isa = PBXFileReference; lastKnownFileType = image.png; name = TongFu.png; path = ../TongFu.png; sourceTree = "<group>"; };
		278D428219036792001BDA92 /* VG.png */ = {isa = PBXFileReference; lastKnownFileType = image.png; name = VG.png; path = ../VG.png; sourceTree = "<group>"; };
		278D428319036792001BDA92 /* VP.png */ = {isa = PBXFileReference; lastKnownFileType = image.png; name = VP.png; path = ../VP.png; sourceTree = "<group>"; };
		278D428419036792001BDA92 /* Zephyr.png */ = {isa = PBXFileReference; lastKnownFileType = image.png; name = Zephyr.png; path = ../Zephyr.png; sourceTree = "<group>"; };
		278D42A619036CD1001BDA92 /* regionCell.h */ = {isa = PBXFileReference; fileEncoding = 4; lastKnownFileType = sourcecode.c.h; name = regionCell.h; path = ../regionCell.h; sourceTree = "<group>"; };
		278D42A719036CD1001BDA92 /* regionCell.m */ = {isa = PBXFileReference; fileEncoding = 4; lastKnownFileType = sourcecode.c.objc; name = regionCell.m; path = ../regionCell.m; sourceTree = "<group>"; };
		278D42A91904E1A4001BDA92 /* Arrow.png */ = {isa = PBXFileReference; lastKnownFileType = image.png; path = Arrow.png; sourceTree = "<group>"; };
		278D42AA1904E1A4001BDA92 /* FD.png */ = {isa = PBXFileReference; lastKnownFileType = image.png; path = FD.png; sourceTree = "<group>"; };
		278D42AB1904E1A4001BDA92 /* Scythe.png */ = {isa = PBXFileReference; lastKnownFileType = image.png; path = Scythe.png; sourceTree = "<group>"; };
		278D42AF1904E4D3001BDA92 /* Relax.png */ = {isa = PBXFileReference; lastKnownFileType = image.png; path = Relax.png; sourceTree = "<group>"; };
		278D42B01904E4D3001BDA92 /* TeamDog.png */ = {isa = PBXFileReference; lastKnownFileType = image.png; path = TeamDog.png; sourceTree = "<group>"; };
		278D42B31908C4A7001BDA92 /* Alliancegray.png */ = {isa = PBXFileReference; lastKnownFileType = image.png; path = Alliancegray.png; sourceTree = "<group>"; };
		278D42B41908C4A7001BDA92 /* Arrowgray.png */ = {isa = PBXFileReference; lastKnownFileType = image.png; path = Arrowgray.png; sourceTree = "<group>"; };
		278D42B51908C4A7001BDA92 /* C9gray.png */ = {isa = PBXFileReference; lastKnownFileType = image.png; path = C9gray.png; sourceTree = "<group>"; };
		278D42B61908C4A7001BDA92 /* CISgray.png */ = {isa = PBXFileReference; lastKnownFileType = image.png; path = CISgray.png; sourceTree = "<group>"; };
		278D42B71908C4A7001BDA92 /* CNBgray.png */ = {isa = PBXFileReference; lastKnownFileType = image.png; path = CNBgray.png; sourceTree = "<group>"; };
		278D42B81908C4A7001BDA92 /* DKgray.png */ = {isa = PBXFileReference; lastKnownFileType = image.png; path = DKgray.png; sourceTree = "<group>"; };
		278D42B91908C4A7001BDA92 /* DTgray.png */ = {isa = PBXFileReference; lastKnownFileType = image.png; path = DTgray.png; sourceTree = "<group>"; };
		278D42BA1908C4A7001BDA92 /* EGgray.png */ = {isa = PBXFileReference; lastKnownFileType = image.png; path = EGgray.png; sourceTree = "<group>"; };
		278D42BB1908C4A7001BDA92 /* Ehuggray.png */ = {isa = PBXFileReference; lastKnownFileType = image.png; path = Ehuggray.png; sourceTree = "<group>"; };
		278D42BC1908C4A7001BDA92 /* Empiregray.png */ = {isa = PBXFileReference; lastKnownFileType = image.png; path = Empiregray.png; sourceTree = "<group>"; };
		278D42BD1908C4A7001BDA92 /* EOTgray.png */ = {isa = PBXFileReference; lastKnownFileType = image.png; path = EOTgray.png; sourceTree = "<group>"; };
		278D42BE1908C4A7001BDA92 /* FDgray.png */ = {isa = PBXFileReference; lastKnownFileType = image.png; path = FDgray.png; sourceTree = "<group>"; };
		278D42BF1908C4A7001BDA92 /* Fnaticgray.png */ = {isa = PBXFileReference; lastKnownFileType = image.png; path = Fnaticgray.png; sourceTree = "<group>"; };
		278D42CD190BA9C7001BDA92 /* HGTgray.png */ = {isa = PBXFileReference; lastKnownFileType = image.png; path = HGTgray.png; sourceTree = "<group>"; };
		278D42CE190BA9C7001BDA92 /* IGgray.png */ = {isa = PBXFileReference; lastKnownFileType = image.png; path = IGgray.png; sourceTree = "<group>"; };
		278D42CF190BA9C7001BDA92 /* LGDgray.png */ = {isa = PBXFileReference; lastKnownFileType = image.png; path = LGDgray.png; sourceTree = "<group>"; };
		278D42D0190BA9C7001BDA92 /* Liquidgray.png */ = {isa = PBXFileReference; lastKnownFileType = image.png; path = Liquidgray.png; sourceTree = "<group>"; };
		278D42D1190BA9C7001BDA92 /* Mineskigray.png */ = {isa = PBXFileReference; lastKnownFileType = image.png; path = Mineskigray.png; sourceTree = "<group>"; };
		278D42D2190BA9C7001BDA92 /* Mithgray.png */ = {isa = PBXFileReference; lastKnownFileType = image.png; path = Mithgray.png; sourceTree = "<group>"; };
		278D42D3190BA9C7001BDA92 /* MVPgray.png */ = {isa = PBXFileReference; lastKnownFileType = image.png; path = MVPgray.png; sourceTree = "<group>"; };
		278D42D4190BA9C7001BDA92 /* MYMgray.png */ = {isa = PBXFileReference; lastKnownFileType = image.png; path = MYMgray.png; sourceTree = "<group>"; };
		278D42D5190BA9C7001BDA92 /* NaVigray.png */ = {isa = PBXFileReference; lastKnownFileType = image.png; path = NaVigray.png; sourceTree = "<group>"; };
		278D42D6190BA9C7001BDA92 /* Neolutiongray.png */ = {isa = PBXFileReference; lastKnownFileType = image.png; path = Neolutiongray.png; sourceTree = "<group>"; };
		278D42D7190BA9C7001BDA92 /* Newbeegray.png */ = {isa = PBXFileReference; lastKnownFileType = image.png; path = Newbeegray.png; sourceTree = "<group>"; };
		278D42D8190BA9C7001BDA92 /* NEXTkzgray.png */ = {isa = PBXFileReference; lastKnownFileType = image.png; path = NEXTkzgray.png; sourceTree = "<group>"; };
		278D42D9190BA9C7001BDA92 /* Orangegray.png */ = {isa = PBXFileReference; lastKnownFileType = image.png; path = Orangegray.png; sourceTree = "<group>"; };
		278D42DA190BA9C7001BDA92 /* PRgray.png */ = {isa = PBXFileReference; lastKnownFileType = image.png; path = PRgray.png; sourceTree = "<group>"; };
		278D42DB190BA9C7001BDA92 /* Relaxgray.png */ = {isa = PBXFileReference; lastKnownFileType = image.png; path = Relaxgray.png; sourceTree = "<group>"; };
		278D42DC190BA9C7001BDA92 /* Revengegray.png */ = {isa = PBXFileReference; lastKnownFileType = image.png; path = Revengegray.png; sourceTree = "<group>"; };
		278D42DD190BA9C7001BDA92 /* Roxgray.png */ = {isa = PBXFileReference; lastKnownFileType = image.png; path = Roxgray.png; sourceTree = "<group>"; };
		278D42DE190BA9C7001BDA92 /* Scythegray.png */ = {isa = PBXFileReference; lastKnownFileType = image.png; path = Scythegray.png; sourceTree = "<group>"; };
		278D42DF190BA9C7001BDA92 /* Sigmagray.png */ = {isa = PBXFileReference; lastKnownFileType = image.png; path = Sigmagray.png; sourceTree = "<group>"; };
		278D42E0190BA9C7001BDA92 /* TeamDoggray.png */ = {isa = PBXFileReference; lastKnownFileType = image.png; path = TeamDoggray.png; sourceTree = "<group>"; };
		278D42E1190BA9C7001BDA92 /* Titangray.png */ = {isa = PBXFileReference; lastKnownFileType = image.png; path = Titangray.png; sourceTree = "<group>"; };
		278D42E2190BA9C7001BDA92 /* TongFugray.png */ = {isa = PBXFileReference; lastKnownFileType = image.png; path = TongFugray.png; sourceTree = "<group>"; };
		278D42E3190BA9C7001BDA92 /* VGgray.png */ = {isa = PBXFileReference; lastKnownFileType = image.png; path = VGgray.png; sourceTree = "<group>"; };
		278D42E4190BA9C7001BDA92 /* VPgray.png */ = {isa = PBXFileReference; lastKnownFileType = image.png; path = VPgray.png; sourceTree = "<group>"; };
		278D42E5190BA9C7001BDA92 /* Zephyrgray.png */ = {isa = PBXFileReference; lastKnownFileType = image.png; path = Zephyrgray.png; sourceTree = "<group>"; };
		278D4302190CCC9C001BDA92 /* CoreData.framework */ = {isa = PBXFileReference; lastKnownFileType = wrapper.framework; name = CoreData.framework; path = System/Library/Frameworks/CoreData.framework; sourceTree = SDKROOT; };
		278D4429190E25AA001BDA92 /* Model.xcdatamodel */ = {isa = PBXFileReference; lastKnownFileType = wrapper.xcdatamodel; path = Model.xcdatamodel; sourceTree = "<group>"; };
		278D446C19103015001BDA92 /* libsqlite3.dylib */ = {isa = PBXFileReference; lastKnownFileType = "compiled.mach-o.dylib"; name = libsqlite3.dylib; path = usr/lib/libsqlite3.dylib; sourceTree = SDKROOT; };
		278D446E1911EE74001BDA92 /* teamObject.h */ = {isa = PBXFileReference; fileEncoding = 4; lastKnownFileType = sourcecode.c.h; path = teamObject.h; sourceTree = "<group>"; };
		278D446F1911EE74001BDA92 /* teamObject.m */ = {isa = PBXFileReference; fileEncoding = 4; lastKnownFileType = sourcecode.c.objc; path = teamObject.m; sourceTree = "<group>"; };
		27A1500F191442A10063E1CA /* teamObjects.sqlite */ = {isa = PBXFileReference; lastKnownFileType = file; path = teamObjects.sqlite; sourceTree = "<group>"; };
		27A150111914B43C0063E1CA /* ScheduleViewController.h */ = {isa = PBXFileReference; fileEncoding = 4; lastKnownFileType = sourcecode.c.h; path = ScheduleViewController.h; sourceTree = "<group>"; };
		27A150121914B43C0063E1CA /* ScheduleViewController.m */ = {isa = PBXFileReference; fileEncoding = 4; lastKnownFileType = sourcecode.c.objc; path = ScheduleViewController.m; sourceTree = "<group>"; };
		27A150141914EA6D0063E1CA /* teamCell.h */ = {isa = PBXFileReference; fileEncoding = 4; lastKnownFileType = sourcecode.c.h; path = teamCell.h; sourceTree = "<group>"; };
		27A150151914EA6D0063E1CA /* teamCell.m */ = {isa = PBXFileReference; fileEncoding = 4; lastKnownFileType = sourcecode.c.objc; path = teamCell.m; sourceTree = "<group>"; };
/* End PBXFileReference section */

/* Begin PBXFrameworksBuildPhase section */
		278D03F718FDA4EF00444023 /* Frameworks */ = {
			isa = PBXFrameworksBuildPhase;
			buildActionMask = 2147483647;
			files = (
				278D446D19103015001BDA92 /* libsqlite3.dylib in Frameworks */,
				278D4303190CCC9C001BDA92 /* CoreData.framework in Frameworks */,
				278D040018FDA4EF00444023 /* CoreGraphics.framework in Frameworks */,
				278D040218FDA4EF00444023 /* UIKit.framework in Frameworks */,
				278D03FE18FDA4EF00444023 /* Foundation.framework in Frameworks */,
			);
			runOnlyForDeploymentPostprocessing = 0;
		};
		278D041B18FDA4EF00444023 /* Frameworks */ = {
			isa = PBXFrameworksBuildPhase;
			buildActionMask = 2147483647;
			files = (
				278D042018FDA4EF00444023 /* XCTest.framework in Frameworks */,
				278D042218FDA4EF00444023 /* UIKit.framework in Frameworks */,
				278D042118FDA4EF00444023 /* Foundation.framework in Frameworks */,
			);
			runOnlyForDeploymentPostprocessing = 0;
		};
/* End PBXFrameworksBuildPhase section */

/* Begin PBXGroup section */
		278D03F118FDA4EF00444023 = {
			isa = PBXGroup;
			children = (
				27A1500F191442A10063E1CA /* teamObjects.sqlite */,
				278D040318FDA4EF00444023 /* Dota Tracker */,
				278D042518FDA4EF00444023 /* Dota TrackerTests */,
				278D03FC18FDA4EF00444023 /* Frameworks */,
				278D03FB18FDA4EF00444023 /* Products */,
			);
			sourceTree = "<group>";
		};
		278D03FB18FDA4EF00444023 /* Products */ = {
			isa = PBXGroup;
			children = (
				278D03FA18FDA4EF00444023 /* Dota Tracker.app */,
				278D041E18FDA4EF00444023 /* Dota TrackerTests.xctest */,
			);
			name = Products;
			sourceTree = "<group>";
		};
		278D03FC18FDA4EF00444023 /* Frameworks */ = {
			isa = PBXGroup;
			children = (
				278D446C19103015001BDA92 /* libsqlite3.dylib */,
				278D4302190CCC9C001BDA92 /* CoreData.framework */,
				278D03FD18FDA4EF00444023 /* Foundation.framework */,
				278D03FF18FDA4EF00444023 /* CoreGraphics.framework */,
				278D040118FDA4EF00444023 /* UIKit.framework */,
				278D041F18FDA4EF00444023 /* XCTest.framework */,
			);
			name = Frameworks;
			sourceTree = "<group>";
		};
		278D040318FDA4EF00444023 /* Dota Tracker */ = {
			isa = PBXGroup;
			children = (
				278D4428190E25AA001BDA92 /* Model.xcdatamodeld */,
				278D040F18FDA4EF00444023 /* Main_iPhone.storyboard */,
				27A150111914B43C0063E1CA /* ScheduleViewController.h */,
				27A150121914B43C0063E1CA /* ScheduleViewController.m */,
				278D041218FDA4EF00444023 /* Main_iPad.storyboard */,
				278D040C18FDA4EF00444023 /* AppDelegate.h */,
				278D040D18FDA4EF00444023 /* AppDelegate.m */,
				278D42A619036CD1001BDA92 /* regionCell.h */,
				278D42A719036CD1001BDA92 /* regionCell.m */,
				27A150141914EA6D0063E1CA /* teamCell.h */,
				27A150151914EA6D0063E1CA /* teamCell.m */,
				278D446E1911EE74001BDA92 /* teamObject.h */,
				278D446F1911EE74001BDA92 /* teamObject.m */,
				278D041518FDA4EF00444023 /* ViewController.h */,
				278D041618FDA4EF00444023 /* ViewController.m */,
				278D040418FDA4EF00444023 /* Supporting Files */,
				278D041818FDA4EF00444023 /* Images.xcassets */,
				278D426419036792001BDA92 /* Alliance.png */,
				278D42B31908C4A7001BDA92 /* Alliancegray.png */,
				278D42A91904E1A4001BDA92 /* Arrow.png */,
				278D42B41908C4A7001BDA92 /* Arrowgray.png */,
				278D426519036792001BDA92 /* C9.png */,
				278D42B51908C4A7001BDA92 /* C9gray.png */,
				278D426619036792001BDA92 /* CIS.png */,
				278D42B61908C4A7001BDA92 /* CISgray.png */,
				278D426719036792001BDA92 /* CNB.png */,
				278D42B71908C4A7001BDA92 /* CNBgray.png */,
				278D426819036792001BDA92 /* DK.png */,
				278D42B81908C4A7001BDA92 /* DKgray.png */,
				278D426919036792001BDA92 /* DT.png */,
				278D42B91908C4A7001BDA92 /* DTgray.png */,
				278D426A19036792001BDA92 /* EG.png */,
				278D42BA1908C4A7001BDA92 /* EGgray.png */,
				278D426B19036792001BDA92 /* Ehug.png */,
				278D42BB1908C4A7001BDA92 /* Ehuggray.png */,
				278D426C19036792001BDA92 /* Empire.png */,
				278D42BC1908C4A7001BDA92 /* Empiregray.png */,
				278D426D19036792001BDA92 /* EOT.png */,
				278D42BD1908C4A7001BDA92 /* EOTgray.png */,
				278D42AA1904E1A4001BDA92 /* FD.png */,
				278D42BE1908C4A7001BDA92 /* FDgray.png */,
				278D426E19036792001BDA92 /* Fnatic.png */,
				278D42BF1908C4A7001BDA92 /* Fnaticgray.png */,
				278D426F19036792001BDA92 /* HGT.png */,
				278D42CD190BA9C7001BDA92 /* HGTgray.png */,
				278D427019036792001BDA92 /* IG.png */,
				278D42CE190BA9C7001BDA92 /* IGgray.png */,
				278D427119036792001BDA92 /* LGD.png */,
				278D42CF190BA9C7001BDA92 /* LGDgray.png */,
				278D427219036792001BDA92 /* Liquid.png */,
				278D42D0190BA9C7001BDA92 /* Liquidgray.png */,
				278D427319036792001BDA92 /* Mineski.png */,
				278D42D1190BA9C7001BDA92 /* Mineskigray.png */,
				278D427419036792001BDA92 /* Mith.png */,
				278D42D2190BA9C7001BDA92 /* Mithgray.png */,
				278D427519036792001BDA92 /* MVP.png */,
				278D42D3190BA9C7001BDA92 /* MVPgray.png */,
				278D427619036792001BDA92 /* MYM.png */,
				278D42D4190BA9C7001BDA92 /* MYMgray.png */,
				278D427719036792001BDA92 /* NaVi.png */,
				278D42D5190BA9C7001BDA92 /* NaVigray.png */,
				278D427819036792001BDA92 /* Neolution.png */,
				278D42D6190BA9C7001BDA92 /* Neolutiongray.png */,
				278D427919036792001BDA92 /* Newbee.png */,
				278D42D7190BA9C7001BDA92 /* Newbeegray.png */,
				278D427A19036792001BDA92 /* NEXTkz.png */,
				278D42D8190BA9C7001BDA92 /* NEXTkzgray.png */,
				278D427B19036792001BDA92 /* Orange.png */,
				278D42D9190BA9C7001BDA92 /* Orangegray.png */,
				278D427C19036792001BDA92 /* PR.png */,
				278D42DA190BA9C7001BDA92 /* PRgray.png */,
				278D42AF1904E4D3001BDA92 /* Relax.png */,
				278D42DB190BA9C7001BDA92 /* Relaxgray.png */,
				278D427D19036792001BDA92 /* Revenge.png */,
				278D42DC190BA9C7001BDA92 /* Revengegray.png */,
				278D427E19036792001BDA92 /* Rox.png */,
				278D42DD190BA9C7001BDA92 /* Roxgray.png */,
				278D42AB1904E1A4001BDA92 /* Scythe.png */,
				278D42DE190BA9C7001BDA92 /* Scythegray.png */,
				278D427F19036792001BDA92 /* Sigma.png */,
				278D42DF190BA9C7001BDA92 /* Sigmagray.png */,
				278D42B01904E4D3001BDA92 /* TeamDog.png */,
				278D42E0190BA9C7001BDA92 /* TeamDoggray.png */,
				278D428019036792001BDA92 /* Titan.png */,
				278D42E1190BA9C7001BDA92 /* Titangray.png */,
				278D428119036792001BDA92 /* TongFu.png */,
				278D42E2190BA9C7001BDA92 /* TongFugray.png */,
				278D428219036792001BDA92 /* VG.png */,
				278D42E3190BA9C7001BDA92 /* VGgray.png */,
				278D428319036792001BDA92 /* VP.png */,
				278D42E4190BA9C7001BDA92 /* VPgray.png */,
				278D428419036792001BDA92 /* Zephyr.png */,
				278D42E5190BA9C7001BDA92 /* Zephyrgray.png */,
			);
			path = "Dota Tracker";
			sourceTree = "<group>";
		};
		278D040418FDA4EF00444023 /* Supporting Files */ = {
			isa = PBXGroup;
			children = (
				278D040518FDA4EF00444023 /* Dota Tracker-Info.plist */,
				278D040618FDA4EF00444023 /* InfoPlist.strings */,
				278D040918FDA4EF00444023 /* main.m */,
				278D040B18FDA4EF00444023 /* Dota Tracker-Prefix.pch */,
			);
			name = "Supporting Files";
			sourceTree = "<group>";
		};
		278D042518FDA4EF00444023 /* Dota TrackerTests */ = {
			isa = PBXGroup;
			children = (
				278D042B18FDA4EF00444023 /* Dota_TrackerTests.m */,
				278D042618FDA4EF00444023 /* Supporting Files */,
			);
			path = "Dota TrackerTests";
			sourceTree = "<group>";
		};
		278D042618FDA4EF00444023 /* Supporting Files */ = {
			isa = PBXGroup;
			children = (
				278D042718FDA4EF00444023 /* Dota TrackerTests-Info.plist */,
				278D042818FDA4EF00444023 /* InfoPlist.strings */,
			);
			name = "Supporting Files";
			sourceTree = "<group>";
		};
/* End PBXGroup section */

/* Begin PBXNativeTarget section */
		278D03F918FDA4EF00444023 /* Dota Tracker */ = {
			isa = PBXNativeTarget;
			buildConfigurationList = 278D042F18FDA4EF00444023 /* Build configuration list for PBXNativeTarget "Dota Tracker" */;
			buildPhases = (
				278D03F618FDA4EF00444023 /* Sources */,
				278D03F718FDA4EF00444023 /* Frameworks */,
				278D03F818FDA4EF00444023 /* Resources */,
			);
			buildRules = (
			);
			dependencies = (
			);
			name = "Dota Tracker";
			productName = "Dota Tracker";
			productReference = 278D03FA18FDA4EF00444023 /* Dota Tracker.app */;
			productType = "com.apple.product-type.application";
		};
		278D041D18FDA4EF00444023 /* Dota TrackerTests */ = {
			isa = PBXNativeTarget;
			buildConfigurationList = 278D043218FDA4EF00444023 /* Build configuration list for PBXNativeTarget "Dota TrackerTests" */;
			buildPhases = (
				278D041A18FDA4EF00444023 /* Sources */,
				278D041B18FDA4EF00444023 /* Frameworks */,
				278D041C18FDA4EF00444023 /* Resources */,
			);
			buildRules = (
			);
			dependencies = (
				278D042418FDA4EF00444023 /* PBXTargetDependency */,
			);
			name = "Dota TrackerTests";
			productName = "Dota TrackerTests";
			productReference = 278D041E18FDA4EF00444023 /* Dota TrackerTests.xctest */;
			productType = "com.apple.product-type.bundle.unit-test";
		};
/* End PBXNativeTarget section */

/* Begin PBXProject section */
		278D03F218FDA4EF00444023 /* Project object */ = {
			isa = PBXProject;
			attributes = {
				LastUpgradeCheck = 0510;
				ORGANIZATIONNAME = "___FULLUSERNAME___";
				TargetAttributes = {
					278D041D18FDA4EF00444023 = {
						TestTargetID = 278D03F918FDA4EF00444023;
					};
				};
			};
			buildConfigurationList = 278D03F518FDA4EF00444023 /* Build configuration list for PBXProject "Dota Tracker" */;
			compatibilityVersion = "Xcode 3.2";
			developmentRegion = English;
			hasScannedForEncodings = 0;
			knownRegions = (
				en,
				Base,
			);
			mainGroup = 278D03F118FDA4EF00444023;
			productRefGroup = 278D03FB18FDA4EF00444023 /* Products */;
			projectDirPath = "";
			projectRoot = "";
			targets = (
				278D03F918FDA4EF00444023 /* Dota Tracker */,
				278D041D18FDA4EF00444023 /* Dota TrackerTests */,
			);
		};
/* End PBXProject section */

/* Begin PBXResourcesBuildPhase section */
		278D03F818FDA4EF00444023 /* Resources */ = {
			isa = PBXResourcesBuildPhase;
			buildActionMask = 2147483647;
			files = (
				27A15010191442A10063E1CA /* teamObjects.sqlite in Resources */,
				278D42AD1904E1A4001BDA92 /* FD.png in Resources */,
				278D42A319036792001BDA92 /* VG.png in Resources */,
				278D42C11908C4A7001BDA92 /* Arrowgray.png in Resources */,
				278D429519036792001BDA92 /* Mith.png in Resources */,
				278D429C19036792001BDA92 /* Orange.png in Resources */,
				278D428C19036792001BDA92 /* Ehug.png in Resources */,
				278D42E8190BA9C7001BDA92 /* LGDgray.png in Resources */,
				278D42E9190BA9C7001BDA92 /* Liquidgray.png in Resources */,
				278D42A119036792001BDA92 /* Titan.png in Resources */,
				278D42AC1904E1A4001BDA92 /* Arrow.png in Resources */,
				278D42EF190BA9C7001BDA92 /* Neolutiongray.png in Resources */,
				278D42A219036792001BDA92 /* TongFu.png in Resources */,
				278D429319036792001BDA92 /* Liquid.png in Resources */,
				278D428919036792001BDA92 /* DK.png in Resources */,
				278D42A519036792001BDA92 /* Zephyr.png in Resources */,
				278D428E19036792001BDA92 /* EOT.png in Resources */,
				278D429D19036792001BDA92 /* PR.png in Resources */,
				278D42CB1908C4A7001BDA92 /* FDgray.png in Resources */,
				278D041418FDA4EF00444023 /* Main_iPad.storyboard in Resources */,
				278D42FB190BA9C7001BDA92 /* TongFugray.png in Resources */,
				278D42FA190BA9C7001BDA92 /* Titangray.png in Resources */,
				278D42C51908C4A7001BDA92 /* DKgray.png in Resources */,
				278D42EB190BA9C7001BDA92 /* Mithgray.png in Resources */,
				278D428B19036792001BDA92 /* EG.png in Resources */,
				278D429919036792001BDA92 /* Neolution.png in Resources */,
				278D42F3190BA9C7001BDA92 /* PRgray.png in Resources */,
				278D42EA190BA9C7001BDA92 /* Mineskigray.png in Resources */,
				278D041918FDA4EF00444023 /* Images.xcassets in Resources */,
				278D041118FDA4EF00444023 /* Main_iPhone.storyboard in Resources */,
				278D42CA1908C4A7001BDA92 /* EOTgray.png in Resources */,
				278D42B11904E4D3001BDA92 /* Relax.png in Resources */,
				278D42FC190BA9C7001BDA92 /* VGgray.png in Resources */,
				278D42ED190BA9C7001BDA92 /* MYMgray.png in Resources */,
				278D429819036792001BDA92 /* NaVi.png in Resources */,
				278D42EC190BA9C7001BDA92 /* MVPgray.png in Resources */,
				278D42F5190BA9C7001BDA92 /* Revengegray.png in Resources */,
				278D42C81908C4A7001BDA92 /* Ehuggray.png in Resources */,
				278D42A019036792001BDA92 /* Sigma.png in Resources */,
				278D42EE190BA9C7001BDA92 /* NaVigray.png in Resources */,
				278D42C01908C4A7001BDA92 /* Alliancegray.png in Resources */,
				278D428D19036792001BDA92 /* Empire.png in Resources */,
				278D42F8190BA9C7001BDA92 /* Sigmagray.png in Resources */,
				278D040818FDA4EF00444023 /* InfoPlist.strings in Resources */,
				278D42F9190BA9C7001BDA92 /* TeamDoggray.png in Resources */,
				278D429A19036792001BDA92 /* Newbee.png in Resources */,
				278D42F4190BA9C7001BDA92 /* Relaxgray.png in Resources */,
				278D429719036792001BDA92 /* MYM.png in Resources */,
				278D42C21908C4A7001BDA92 /* C9gray.png in Resources */,
				278D429419036792001BDA92 /* Mineski.png in Resources */,
				278D429E19036792001BDA92 /* Revenge.png in Resources */,
				278D429219036792001BDA92 /* LGD.png in Resources */,
				278D428A19036792001BDA92 /* DT.png in Resources */,
				278D42C31908C4A7001BDA92 /* CISgray.png in Resources */,
				278D428519036792001BDA92 /* Alliance.png in Resources */,
				278D42FE190BA9C7001BDA92 /* Zephyrgray.png in Resources */,
				278D42AE1904E1A4001BDA92 /* Scythe.png in Resources */,
				278D42F6190BA9C7001BDA92 /* Roxgray.png in Resources */,
				278D42E7190BA9C7001BDA92 /* IGgray.png in Resources */,
				278D42F7190BA9C7001BDA92 /* Scythegray.png in Resources */,
				278D428819036792001BDA92 /* CNB.png in Resources */,
				278D429F19036792001BDA92 /* Rox.png in Resources */,
				278D429B19036792001BDA92 /* NEXTkz.png in Resources */,
				278D42F1190BA9C7001BDA92 /* NEXTkzgray.png in Resources */,
				278D42F2190BA9C7001BDA92 /* Orangegray.png in Resources */,
				278D428619036792001BDA92 /* C9.png in Resources */,
				278D429619036792001BDA92 /* MVP.png in Resources */,
				278D42CC1908C4A7001BDA92 /* Fnaticgray.png in Resources */,
				278D42C91908C4A7001BDA92 /* Empiregray.png in Resources */,
				278D42A419036792001BDA92 /* VP.png in Resources */,
				278D42F0190BA9C7001BDA92 /* Newbeegray.png in Resources */,
				278D42C71908C4A7001BDA92 /* EGgray.png in Resources */,
				278D42FD190BA9C7001BDA92 /* VPgray.png in Resources */,
				278D42C41908C4A7001BDA92 /* CNBgray.png in Resources */,
				278D42B21904E4D3001BDA92 /* TeamDog.png in Resources */,
				278D429119036792001BDA92 /* IG.png in Resources */,
				278D429019036792001BDA92 /* HGT.png in Resources */,
				278D42E6190BA9C7001BDA92 /* HGTgray.png in Resources */,
				278D42C61908C4A7001BDA92 /* DTgray.png in Resources */,
				278D428719036792001BDA92 /* CIS.png in Resources */,
				278D428F19036792001BDA92 /* Fnatic.png in Resources */,
			);
			runOnlyForDeploymentPostprocessing = 0;
		};
		278D041C18FDA4EF00444023 /* Resources */ = {
			isa = PBXResourcesBuildPhase;
			buildActionMask = 2147483647;
			files = (
				278D042A18FDA4EF00444023 /* InfoPlist.strings in Resources */,
			);
			runOnlyForDeploymentPostprocessing = 0;
		};
/* End PBXResourcesBuildPhase section */

/* Begin PBXSourcesBuildPhase section */
		278D03F618FDA4EF00444023 /* Sources */ = {
			isa = PBXSourcesBuildPhase;
			buildActionMask = 2147483647;
			files = (
				278D041718FDA4EF00444023 /* ViewController.m in Sources */,
				278D44701911EE74001BDA92 /* teamObject.m in Sources */,
				278D040E18FDA4EF00444023 /* AppDelegate.m in Sources */,
				278D442A190E25AA001BDA92 /* Model.xcdatamodeld in Sources */,
				27A150161914EA6D0063E1CA /* teamCell.m in Sources */,
				278D040A18FDA4EF00444023 /* main.m in Sources */,
				27A150131914B43C0063E1CA /* ScheduleViewController.m in Sources */,
				278D42A819036CD1001BDA92 /* regionCell.m in Sources */,
			);
			runOnlyForDeploymentPostprocessing = 0;
		};
		278D041A18FDA4EF00444023 /* Sources */ = {
			isa = PBXSourcesBuildPhase;
			buildActionMask = 2147483647;
			files = (
				278D042C18FDA4EF00444023 /* Dota_TrackerTests.m in Sources */,
			);
			runOnlyForDeploymentPostprocessing = 0;
		};
/* End PBXSourcesBuildPhase section */

/* Begin PBXTargetDependency section */
		278D042418FDA4EF00444023 /* PBXTargetDependency */ = {
			isa = PBXTargetDependency;
			target = 278D03F918FDA4EF00444023 /* Dota Tracker */;
			targetProxy = 278D042318FDA4EF00444023 /* PBXContainerItemProxy */;
		};
/* End PBXTargetDependency section */

/* Begin PBXVariantGroup section */
		278D040618FDA4EF00444023 /* InfoPlist.strings */ = {
			isa = PBXVariantGroup;
			children = (
				278D040718FDA4EF00444023 /* en */,
			);
			name = InfoPlist.strings;
			sourceTree = "<group>";
		};
		278D040F18FDA4EF00444023 /* Main_iPhone.storyboard */ = {
			isa = PBXVariantGroup;
			children = (
				278D041018FDA4EF00444023 /* Base */,
			);
			name = Main_iPhone.storyboard;
			sourceTree = "<group>";
		};
		278D041218FDA4EF00444023 /* Main_iPad.storyboard */ = {
			isa = PBXVariantGroup;
			children = (
				278D041318FDA4EF00444023 /* Base */,
			);
			name = Main_iPad.storyboard;
			sourceTree = "<group>";
		};
		278D042818FDA4EF00444023 /* InfoPlist.strings */ = {
			isa = PBXVariantGroup;
			children = (
				278D042918FDA4EF00444023 /* en */,
			);
			name = InfoPlist.strings;
			sourceTree = "<group>";
		};
/* End PBXVariantGroup section */

/* Begin XCBuildConfiguration section */
		278D042D18FDA4EF00444023 /* Debug */ = {
			isa = XCBuildConfiguration;
			buildSettings = {
				ALWAYS_SEARCH_USER_PATHS = NO;
				CLANG_CXX_LANGUAGE_STANDARD = "gnu++0x";
				CLANG_CXX_LIBRARY = "libc++";
				CLANG_ENABLE_MODULES = YES;
				CLANG_ENABLE_OBJC_ARC = YES;
				CLANG_WARN_BOOL_CONVERSION = YES;
				CLANG_WARN_CONSTANT_CONVERSION = YES;
				CLANG_WARN_DIRECT_OBJC_ISA_USAGE = YES_ERROR;
				CLANG_WARN_EMPTY_BODY = YES;
				CLANG_WARN_ENUM_CONVERSION = YES;
				CLANG_WARN_INT_CONVERSION = YES;
				CLANG_WARN_OBJC_ROOT_CLASS = YES_ERROR;
				CLANG_WARN__DUPLICATE_METHOD_MATCH = YES;
				"CODE_SIGN_IDENTITY[sdk=iphoneos*]" = "iPhone Developer";
				COPY_PHASE_STRIP = NO;
				GCC_C_LANGUAGE_STANDARD = gnu99;
				GCC_DYNAMIC_NO_PIC = NO;
				GCC_OPTIMIZATION_LEVEL = 0;
				GCC_PREPROCESSOR_DEFINITIONS = (
					"DEBUG=1",
					"$(inherited)",
				);
				GCC_SYMBOLS_PRIVATE_EXTERN = NO;
				GCC_WARN_64_TO_32_BIT_CONVERSION = YES;
				GCC_WARN_ABOUT_RETURN_TYPE = YES_ERROR;
				GCC_WARN_UNDECLARED_SELECTOR = YES;
				GCC_WARN_UNINITIALIZED_AUTOS = YES_AGGRESSIVE;
				GCC_WARN_UNUSED_FUNCTION = YES;
				GCC_WARN_UNUSED_VARIABLE = YES;
				IPHONEOS_DEPLOYMENT_TARGET = 7.1;
				ONLY_ACTIVE_ARCH = YES;
				SDKROOT = iphoneos;
				TARGETED_DEVICE_FAMILY = "1,2";
			};
			name = Debug;
		};
		278D042E18FDA4EF00444023 /* Release */ = {
			isa = XCBuildConfiguration;
			buildSettings = {
				ALWAYS_SEARCH_USER_PATHS = NO;
				CLANG_CXX_LANGUAGE_STANDARD = "gnu++0x";
				CLANG_CXX_LIBRARY = "libc++";
				CLANG_ENABLE_MODULES = YES;
				CLANG_ENABLE_OBJC_ARC = YES;
				CLANG_WARN_BOOL_CONVERSION = YES;
				CLANG_WARN_CONSTANT_CONVERSION = YES;
				CLANG_WARN_DIRECT_OBJC_ISA_USAGE = YES_ERROR;
				CLANG_WARN_EMPTY_BODY = YES;
				CLANG_WARN_ENUM_CONVERSION = YES;
				CLANG_WARN_INT_CONVERSION = YES;
				CLANG_WARN_OBJC_ROOT_CLASS = YES_ERROR;
				CLANG_WARN__DUPLICATE_METHOD_MATCH = YES;
				"CODE_SIGN_IDENTITY[sdk=iphoneos*]" = "iPhone Developer";
				COPY_PHASE_STRIP = YES;
				ENABLE_NS_ASSERTIONS = NO;
				GCC_C_LANGUAGE_STANDARD = gnu99;
				GCC_WARN_64_TO_32_BIT_CONVERSION = YES;
				GCC_WARN_ABOUT_RETURN_TYPE = YES_ERROR;
				GCC_WARN_UNDECLARED_SELECTOR = YES;
				GCC_WARN_UNINITIALIZED_AUTOS = YES_AGGRESSIVE;
				GCC_WARN_UNUSED_FUNCTION = YES;
				GCC_WARN_UNUSED_VARIABLE = YES;
				IPHONEOS_DEPLOYMENT_TARGET = 7.1;
				SDKROOT = iphoneos;
				TARGETED_DEVICE_FAMILY = "1,2";
				VALIDATE_PRODUCT = YES;
			};
			name = Release;
		};
		278D043018FDA4EF00444023 /* Debug */ = {
			isa = XCBuildConfiguration;
			buildSettings = {
				ASSETCATALOG_COMPILER_APPICON_NAME = AppIcon;
				ASSETCATALOG_COMPILER_LAUNCHIMAGE_NAME = LaunchImage;
				CODE_SIGN_IDENTITY = "iPhone Developer";
				GCC_PRECOMPILE_PREFIX_HEADER = YES;
				GCC_PREFIX_HEADER = "Dota Tracker/Dota Tracker-Prefix.pch";
				INFOPLIST_FILE = "Dota Tracker/Dota Tracker-Info.plist";
				PRODUCT_NAME = "$(TARGET_NAME)";
				WRAPPER_EXTENSION = app;
			};
			name = Debug;
		};
		278D043118FDA4EF00444023 /* Release */ = {
			isa = XCBuildConfiguration;
			buildSettings = {
				ASSETCATALOG_COMPILER_APPICON_NAME = AppIcon;
				ASSETCATALOG_COMPILER_LAUNCHIMAGE_NAME = LaunchImage;
				CODE_SIGN_IDENTITY = "iPhone Developer";
				GCC_PRECOMPILE_PREFIX_HEADER = YES;
				GCC_PREFIX_HEADER = "Dota Tracker/Dota Tracker-Prefix.pch";
				INFOPLIST_FILE = "Dota Tracker/Dota Tracker-Info.plist";
				PRODUCT_NAME = "$(TARGET_NAME)";
				WRAPPER_EXTENSION = app;
			};
			name = Release;
		};
		278D043318FDA4EF00444023 /* Debug */ = {
			isa = XCBuildConfiguration;
			buildSettings = {
				BUNDLE_LOADER = "$(BUILT_PRODUCTS_DIR)/Dota Tracker.app/Dota Tracker";
				FRAMEWORK_SEARCH_PATHS = (
					"$(SDKROOT)/Developer/Library/Frameworks",
					"$(inherited)",
					"$(DEVELOPER_FRAMEWORKS_DIR)",
				);
				GCC_PRECOMPILE_PREFIX_HEADER = YES;
				GCC_PREFIX_HEADER = "Dota Tracker/Dota Tracker-Prefix.pch";
				GCC_PREPROCESSOR_DEFINITIONS = (
					"DEBUG=1",
					"$(inherited)",
				);
				INFOPLIST_FILE = "Dota TrackerTests/Dota TrackerTests-Info.plist";
				PRODUCT_NAME = "$(TARGET_NAME)";
				TEST_HOST = "$(BUNDLE_LOADER)";
				WRAPPER_EXTENSION = xctest;
			};
			name = Debug;
		};
		278D043418FDA4EF00444023 /* Release */ = {
			isa = XCBuildConfiguration;
			buildSettings = {
				BUNDLE_LOADER = "$(BUILT_PRODUCTS_DIR)/Dota Tracker.app/Dota Tracker";
				FRAMEWORK_SEARCH_PATHS = (
					"$(SDKROOT)/Developer/Library/Frameworks",
					"$(inherited)",
					"$(DEVELOPER_FRAMEWORKS_DIR)",
				);
				GCC_PRECOMPILE_PREFIX_HEADER = YES;
				GCC_PREFIX_HEADER = "Dota Tracker/Dota Tracker-Prefix.pch";
				INFOPLIST_FILE = "Dota TrackerTests/Dota TrackerTests-Info.plist";
				PRODUCT_NAME = "$(TARGET_NAME)";
				TEST_HOST = "$(BUNDLE_LOADER)";
				WRAPPER_EXTENSION = xctest;
			};
			name = Release;
		};
/* End XCBuildConfiguration section */

/* Begin XCConfigurationList section */
		278D03F518FDA4EF00444023 /* Build configuration list for PBXProject "Dota Tracker" */ = {
			isa = XCConfigurationList;
			buildConfigurations = (
				278D042D18FDA4EF00444023 /* Debug */,
				278D042E18FDA4EF00444023 /* Release */,
			);
			defaultConfigurationIsVisible = 0;
			defaultConfigurationName = Release;
		};
		278D042F18FDA4EF00444023 /* Build configuration list for PBXNativeTarget "Dota Tracker" */ = {
			isa = XCConfigurationList;
			buildConfigurations = (
				278D043018FDA4EF00444023 /* Debug */,
				278D043118FDA4EF00444023 /* Release */,
			);
			defaultConfigurationIsVisible = 0;
			defaultConfigurationName = Release;
		};
		278D043218FDA4EF00444023 /* Build configuration list for PBXNativeTarget "Dota TrackerTests" */ = {
			isa = XCConfigurationList;
			buildConfigurations = (
				278D043318FDA4EF00444023 /* Debug */,
				278D043418FDA4EF00444023 /* Release */,
			);
			defaultConfigurationIsVisible = 0;
			defaultConfigurationName = Release;
		};
/* End XCConfigurationList section */

/* Begin XCVersionGroup section */
		278D4428190E25AA001BDA92 /* Model.xcdatamodeld */ = {
			isa = XCVersionGroup;
			children = (
				278D4429190E25AA001BDA92 /* Model.xcdatamodel */,
			);
			currentVersion = 278D4429190E25AA001BDA92 /* Model.xcdatamodel */;
			path = Model.xcdatamodeld;
			sourceTree = "<group>";
			versionGroupType = wrapper.xcdatamodel;
		};
/* End XCVersionGroup section */
	};
	rootObject = 278D03F218FDA4EF00444023 /* Project object */;
}
